# This file is automatically @generated by Cargo.
# It is not intended for manual editing.
version = 4

[[package]]
name = "autocfg"
version = "1.4.0"
source = "registry+https://github.com/rust-lang/crates.io-index"
checksum = "ace50bade8e6234aa140d9a2f552bbee1db4d353f69b8217bc503490fc1a9f26"

[[package]]
name = "critical-section"
version = "1.2.0"
source = "registry+https://github.com/rust-lang/crates.io-index"
checksum = "790eea4361631c5e7d22598ecd5723ff611904e3344ce8720784c93e3d83d40b"

[[package]]
name = "eva-bsp-linux"
version = "0.1.0"
dependencies = [
 "eva-kernel",
 "libc",
]

[[package]]
name = "eva-bsp-stm32f767"
version = "0.1.0"
dependencies = [
 "eva-kernel",
 "eva-pac",
 "rtt-target",
]

[[package]]
name = "eva-hello-world"
version = "0.1.0"
dependencies = [
 "eva-bsp-linux",
 "eva-kernel",
]

[[package]]
name = "eva-kernel"
version = "0.1.0"
dependencies = [
 "critical-section",
 "linked_list_allocator",
 "lock_api",
 "rtt-target",
]

[[package]]
name = "eva-pac"
version = "0.1.0"

[[package]]
name = "libc"
version = "0.2.174"
source = "registry+https://github.com/rust-lang/crates.io-index"
checksum = "1171693293099992e19cddea4e8b849964e9846f4acee11b3948bcc337be8776"

[[package]]
name = "linked_list_allocator"
version = "0.10.5"
source = "registry+https://github.com/rust-lang/crates.io-index"
checksum = "9afa463f5405ee81cdb9cc2baf37e08ec7e4c8209442b5d72c04cfb2cd6e6286"

[[package]]
name = "lock_api"
version = "0.4.12"
source = "registry+https://github.com/rust-lang/crates.io-index"
checksum = "07af8b9cdd281b7915f413fa73f29ebd5d55d0d3f0155584dade1ff18cea1b17"
dependencies = [
 "autocfg",
 "scopeguard",
]

[[package]]
name = "portable-atomic"
version = "1.11.0"
source = "registry+https://github.com/rust-lang/crates.io-index"
checksum = "350e9b48cbc6b0e028b0473b114454c6316e57336ee184ceab6e53f72c178b3e"

[[package]]
name = "rtt-target"
version = "0.6.1"
source = "registry+https://github.com/rust-lang/crates.io-index"
checksum = "4235cd78091930e907d2a510adb0db1369e82668eafa338f109742fa0c83059d"
dependencies = [
 "critical-section",
 "portable-atomic",
 "ufmt-write",
]

[[package]]
name = "scopeguard"
version = "1.2.0"
source = "registry+https://github.com/rust-lang/crates.io-index"
checksum = "94143f37725109f92c262ed2cf5e59bce7498c01bcc1502d7b9afe439a4e9f49"

[[package]]
name = "ufmt-write"
version = "0.1.0"
source = "registry+https://github.com/rust-lang/crates.io-index"
checksum = "e87a2ed6b42ec5e28cc3b94c09982969e9227600b2e3dcbc1db927a84c06bd69"
